
Microsoft Visual Studio Solution File, Format Version 12.00
# Visual Studio Version 17
VisualStudioVersion = 17.0.31808.319
MinimumVisualStudioVersion = 10.0.40219.1
Project("{9A19103F-16F7-4668-BE54-9A1E7A4F7556}") = "LabBTI_1", "LabBTI_1\LabBTI_1.csproj", "{31142DDC-0CA0-4A01-9554-CCC294E35A8A}"
EndProject
Project("{9A19103F-16F7-4668-BE54-9A1E7A4F7556}") = "LabBTI_2", "LabBTI_2\LabBTI_2.csproj", "{6A394B40-650E-4630-9AD9-721FA01AF5BA}"
EndProject
Project("{FAE04EC0-301F-11D3-BF4B-00C04F79EFBC}") = "LabBTI_3", "LabBTI_3\LabBTI_3.csproj", "{92922C8E-FDB3-4B61-A525-1AE5B46CA4F4}"
EndProject
Project("{FAE04EC0-301F-11D3-BF4B-00C04F79EFBC}") = "LabBTI_4", "LabBTI_4\LabBTI_4.csproj", "{A2FC9E86-557F-4FF9-BE5B-9C930F9332BA}"
EndProject
Global
	GlobalSection(SolutionConfigurationPlatforms) = preSolution
		Debug|Any CPU = Debug|Any CPU
		Release|Any CPU = Release|Any CPU
	EndGlobalSection
	GlobalSection(ProjectConfigurationPlatforms) = postSolution
		{31142DDC-0CA0-4A01-9554-CCC294E35A8A}.Debug|Any CPU.ActiveCfg = Debug|Any CPU
		{31142DDC-0CA0-4A01-9554-CCC294E35A8A}.Debug|Any CPU.Build.0 = Debug|Any CPU
		{31142DDC-0CA0-4A01-9554-CCC294E35A8A}.Release|Any CPU.ActiveCfg = Release|Any CPU
		{31142DDC-0CA0-4A01-9554-CCC294E35A8A}.Release|Any CPU.Build.0 = Release|Any CPU
		{6A394B40-650E-4630-9AD9-721FA01AF5BA}.Debug|Any CPU.ActiveCfg = Debug|Any CPU
		{6A394B40-650E-4630-9AD9-721FA01AF5BA}.Debug|Any CPU.Build.0 = Debug|Any CPU
		{6A394B40-650E-4630-9AD9-721FA01AF5BA}.Release|Any CPU.ActiveCfg = Release|Any CPU
		{6A394B40-650E-4630-9AD9-721FA01AF5BA}.Release|Any CPU.Build.0 = Release|Any CPU
		{92922C8E-FDB3-4B61-A525-1AE5B46CA4F4}.Debug|Any CPU.ActiveCfg = Debug|Any CPU
		{92922C8E-FDB3-4B61-A525-1AE5B46CA4F4}.Debug|Any CPU.Build.0 = Debug|Any CPU
		{92922C8E-FDB3-4B61-A525-1AE5B46CA4F4}.Release|Any CPU.ActiveCfg = Release|Any CPU
		{92922C8E-FDB3-4B61-A525-1AE5B46CA4F4}.Release|Any CPU.Build.0 = Release|Any CPU
		{A2FC9E86-557F-4FF9-BE5B-9C930F9332BA}.Debug|Any CPU.ActiveCfg = Debug|Any CPU
		{A2FC9E86-557F-4FF9-BE5B-9C930F9332BA}.Debug|Any CPU.Build.0 = Debug|Any CPU
		{A2FC9E86-557F-4FF9-BE5B-9C930F9332BA}.Release|Any CPU.ActiveCfg = Release|Any CPU
		{A2FC9E86-557F-4FF9-BE5B-9C930F9332BA}.Release|Any CPU.Build.0 = Release|Any CPU
	EndGlobalSection
	GlobalSection(SolutionProperties) = preSolution
		HideSolutionNode = FALSE
	EndGlobalSection
	GlobalSection(ExtensibilityGlobals) = postSolution
		SolutionGuid = {F034BB84-BE6B-4B67-B19D-C63660469EEE}
	EndGlobalSection
EndGlobal
